
Microsoft Visual Studio Solution File, Format Version 12.00
# Visual Studio 15
VisualStudioVersion = 15.0.26730.12
MinimumVisualStudioVersion = 10.0.40219.1
Project("{FAE04EC0-301F-11D3-BF4B-00C04F79EFBC}") = "ValutaPretvornik", "ValutaPretvornik\ValutaPretvornik.csproj", "{F50A702C-E932-4B96-AF66-8414CAE63C5F}"
EndProject
Global
	GlobalSection(SolutionConfigurationPlatforms) = preSolution
		Debug|Any CPU = Debug|Any CPU
		Release|Any CPU = Release|Any CPU
	EndGlobalSection
	GlobalSection(ProjectConfigurationPlatforms) = postSolution
		{F50A702C-E932-4B96-AF66-8414CAE63C5F}.Debug|Any CPU.ActiveCfg = Debug|Any CPU
		{F50A702C-E932-4B96-AF66-8414CAE63C5F}.Debug|Any CPU.Build.0 = Debug|Any CPU
		{F50A702C-E932-4B96-AF66-8414CAE63C5F}.Release|Any CPU.ActiveCfg = Release|Any CPU
		{F50A702C-E932-4B96-AF66-8414CAE63C5F}.Release|Any CPU.Build.0 = Release|Any CPU
	EndGlobalSection
	GlobalSection(SolutionProperties) = preSolution
		HideSolutionNode = FALSE
	EndGlobalSection
	GlobalSection(ExtensibilityGlobals) = postSolution
		SolutionGuid = {8DFD5C63-8CE3-4121-8FA8-881A43309748}
	EndGlobalSection
EndGlobal
